# THIS IS AN AUTOGENERATED FILE. DO NOT EDIT THIS FILE DIRECTLY.
# yarn lockfile v1


"@babel/runtime@^7.1.2":
  version "7.12.5"
  resolved "https://registry.yarnpkg.com/@babel/runtime/-/runtime-7.12.5.tgz#410e7e487441e1b360c29be715d870d9b985882e"
  dependencies:
    regenerator-runtime "^0.13.4"

"@blueprintjs/core@^3.22.2", "@blueprintjs/core@^3.36.0":
  version "3.36.0"
  resolved "https://registry.yarnpkg.com/@blueprintjs/core/-/core-3.36.0.tgz#0a271092050c17b84f29426594708180a1b5401a"
  dependencies:
    "@blueprintjs/icons" "^3.23.0"
    "@types/dom4" "^2.0.1"
    classnames "^2.2"
    dom4 "^2.1.5"
    normalize.css "^8.0.1"
    popper.js "^1.16.1"
    react-lifecycles-compat "^3.0.4"
    react-popper "^1.3.7"
    react-transition-group "^2.9.0"
    resize-observer-polyfill "^1.5.1"
    tslib "~1.13.0"

"@blueprintjs/icons@^3.23.0":
  version "3.23.0"
  resolved "https://registry.yarnpkg.com/@blueprintjs/icons/-/icons-3.23.0.tgz#4cfe0db4363971ac5d8a0a59590a6efc16115dc6"
  dependencies:
    classnames "^2.2"
    tslib "~1.13.0"

"@blueprintjs/select@^3.11.2":
  version "3.15.0"
  resolved "https://registry.yarnpkg.com/@blueprintjs/select/-/select-3.15.0.tgz#6307017df896fbd7b523fc08e41097b475be0831"
  dependencies:
    "@blueprintjs/core" "^3.36.0"
    classnames "^2.2"
    tslib "~1.13.0"

"@fortawesome/fontawesome-free@^5.12.0":
  version "5.15.1"
  resolved "https://registry.yarnpkg.com/@fortawesome/fontawesome-free/-/fontawesome-free-5.15.1.tgz#ccfef6ddbe59f8fe8f694783e1d3eb88902dc5eb"

"@jupyterlab/application@^2.2.0":
  version "2.2.6"
  resolved "https://registry.yarnpkg.com/@jupyterlab/application/-/application-2.2.6.tgz#4c505d7196f784c11d533b4539e7b2fbc5d664d6"
  dependencies:
    "@fortawesome/fontawesome-free" "^5.12.0"
    "@jupyterlab/apputils" "^2.2.6"
    "@jupyterlab/coreutils" "^4.2.5"
    "@jupyterlab/docregistry" "^2.2.4"
    "@jupyterlab/rendermime" "^2.2.4"
    "@jupyterlab/rendermime-interfaces" "^2.2.1"
    "@jupyterlab/services" "^5.2.5"
    "@jupyterlab/statedb" "^2.2.5"
    "@jupyterlab/ui-components" "^2.2.4"
    "@lumino/algorithm" "^1.2.3"
    "@lumino/application" "^1.8.4"
    "@lumino/commands" "^1.10.1"
    "@lumino/coreutils" "^1.4.2"
    "@lumino/disposable" "^1.3.5"
    "@lumino/messaging" "^1.3.3"
    "@lumino/polling" "^1.1.1"
    "@lumino/properties" "^1.1.6"
    "@lumino/signaling" "^1.3.5"
    "@lumino/widgets" "^1.11.1"

"@jupyterlab/apputils@^2.2.6":
  version "2.2.6"
  resolved "https://registry.yarnpkg.com/@jupyterlab/apputils/-/apputils-2.2.6.tgz#13cadd7a4765eca0995bf68313ec9c99d4f534a5"
  dependencies:
    "@jupyterlab/coreutils" "^4.2.5"
    "@jupyterlab/services" "^5.2.5"
    "@jupyterlab/settingregistry" "^2.2.5"
    "@jupyterlab/statedb" "^2.2.5"
    "@jupyterlab/ui-components" "^2.2.4"
    "@lumino/algorithm" "^1.2.3"
    "@lumino/commands" "^1.10.1"
    "@lumino/coreutils" "^1.4.2"
    "@lumino/disposable" "^1.3.5"
    "@lumino/domutils" "^1.1.7"
    "@lumino/messaging" "^1.3.3"
    "@lumino/properties" "^1.1.6"
    "@lumino/signaling" "^1.3.5"
    "@lumino/virtualdom" "^1.6.1"
    "@lumino/widgets" "^1.11.1"
    "@types/react" "~16.9.16"
    react "~16.9.0"
    react-dom "~16.9.0"
    sanitize-html "~1.20.1"

"@jupyterlab/codeeditor@^2.2.5":
  version "2.2.5"
  resolved "https://registry.yarnpkg.com/@jupyterlab/codeeditor/-/codeeditor-2.2.5.tgz#0d5b639e2f3dad829cafa82f7881d8a6d031784c"
  dependencies:
    "@jupyterlab/coreutils" "^4.2.5"
    "@jupyterlab/nbformat" "^2.2.5"
    "@jupyterlab/observables" "^3.2.5"
    "@jupyterlab/ui-components" "^2.2.4"
    "@lumino/coreutils" "^1.4.2"
    "@lumino/disposable" "^1.3.5"
    "@lumino/dragdrop" "^1.5.1"
    "@lumino/messaging" "^1.3.3"
    "@lumino/signaling" "^1.3.5"
    "@lumino/widgets" "^1.11.1"

"@jupyterlab/codemirror@^2.2.4":
  version "2.2.4"
  resolved "https://registry.yarnpkg.com/@jupyterlab/codemirror/-/codemirror-2.2.4.tgz#e929e4b7e431fe40f30ec0310d99369ee6977fa8"
  dependencies:
    "@jupyterlab/apputils" "^2.2.6"
    "@jupyterlab/codeeditor" "^2.2.5"
    "@jupyterlab/coreutils" "^4.2.5"
    "@jupyterlab/nbformat" "^2.2.5"
    "@jupyterlab/observables" "^3.2.5"
    "@jupyterlab/statusbar" "^2.2.4"
    "@lumino/algorithm" "^1.2.3"
    "@lumino/commands" "^1.10.1"
    "@lumino/coreutils" "^1.4.2"
    "@lumino/disposable" "^1.3.5"
    "@lumino/polling" "^1.1.1"
    "@lumino/signaling" "^1.3.5"
    "@lumino/widgets" "^1.11.1"
    codemirror "~5.53.2"
    react "~16.9.0"

"@jupyterlab/coreutils@^4.2.0", "@jupyterlab/coreutils@^4.2.5":
  version "4.2.5"
  resolved "https://registry.yarnpkg.com/@jupyterlab/coreutils/-/coreutils-4.2.5.tgz#332047e13e3fa62be4d875f186942d6bcbd70272"
  dependencies:
    "@lumino/coreutils" "^1.4.2"
    "@lumino/disposable" "^1.3.5"
    "@lumino/signaling" "^1.3.5"
    minimist "~1.2.0"
    moment "^2.24.0"
    path-posix "~1.0.0"
    url-parse "~1.4.7"

"@jupyterlab/docregistry@^2.2.4":
  version "2.2.4"
  resolved "https://registry.yarnpkg.com/@jupyterlab/docregistry/-/docregistry-2.2.4.tgz#94c7eebab4f1637e46b46e96ce48324598e2da43"
  dependencies:
    "@jupyterlab/apputils" "^2.2.6"
    "@jupyterlab/codeeditor" "^2.2.5"
    "@jupyterlab/codemirror" "^2.2.4"
    "@jupyterlab/coreutils" "^4.2.5"
    "@jupyterlab/observables" "^3.2.5"
    "@jupyterlab/rendermime" "^2.2.4"
    "@jupyterlab/rendermime-interfaces" "^2.2.1"
    "@jupyterlab/services" "^5.2.5"
    "@jupyterlab/ui-components" "^2.2.4"
    "@lumino/algorithm" "^1.2.3"
    "@lumino/coreutils" "^1.4.2"
    "@lumino/disposable" "^1.3.5"
    "@lumino/messaging" "^1.3.3"
    "@lumino/signaling" "^1.3.5"
    "@lumino/widgets" "^1.11.1"

"@jupyterlab/launcher@^2.2.0":
  version "2.2.6"
  resolved "https://registry.yarnpkg.com/@jupyterlab/launcher/-/launcher-2.2.6.tgz#ce64e782bff14cedb50f72f7f2a37f434a862578"
  dependencies:
    "@jupyterlab/apputils" "^2.2.6"
    "@jupyterlab/ui-components" "^2.2.4"
    "@lumino/algorithm" "^1.2.3"
    "@lumino/commands" "^1.10.1"
    "@lumino/coreutils" "^1.4.2"
    "@lumino/disposable" "^1.3.5"
    "@lumino/properties" "^1.1.6"
    "@lumino/widgets" "^1.11.1"
    react "~16.9.0"

"@jupyterlab/nbformat@^2.2.5":
  version "2.2.5"
  resolved "https://registry.yarnpkg.com/@jupyterlab/nbformat/-/nbformat-2.2.5.tgz#76df45471ba438dc22b3e43ea20fc1c93181d206"
  dependencies:
    "@lumino/coreutils" "^1.4.2"

"@jupyterlab/observables@^3.2.5":
  version "3.2.5"
  resolved "https://registry.yarnpkg.com/@jupyterlab/observables/-/observables-3.2.5.tgz#332acea88e5b9bfc1e7040750f929cad7dbdb9a5"
  dependencies:
    "@lumino/algorithm" "^1.2.3"
    "@lumino/coreutils" "^1.4.2"
    "@lumino/disposable" "^1.3.5"
    "@lumino/messaging" "^1.3.3"
    "@lumino/signaling" "^1.3.5"

"@jupyterlab/rendermime-interfaces@^2.2.1":
  version "2.2.1"
  resolved "https://registry.yarnpkg.com/@jupyterlab/rendermime-interfaces/-/rendermime-interfaces-2.2.1.tgz#7794b9fd13151b8b4fdc03b1dd45c59f67c7f5b3"
  dependencies:
    "@lumino/coreutils" "^1.4.2"
    "@lumino/widgets" "^1.11.1"

"@jupyterlab/rendermime@^2.2.4":
  version "2.2.4"
  resolved "https://registry.yarnpkg.com/@jupyterlab/rendermime/-/rendermime-2.2.4.tgz#4509450539c9e440a28fd9d5318a59e65cc8fce2"
  dependencies:
    "@jupyterlab/apputils" "^2.2.6"
    "@jupyterlab/codemirror" "^2.2.4"
    "@jupyterlab/coreutils" "^4.2.5"
    "@jupyterlab/nbformat" "^2.2.5"
    "@jupyterlab/observables" "^3.2.5"
    "@jupyterlab/rendermime-interfaces" "^2.2.1"
    "@jupyterlab/services" "^5.2.5"
    "@lumino/algorithm" "^1.2.3"
    "@lumino/coreutils" "^1.4.2"
    "@lumino/messaging" "^1.3.3"
    "@lumino/signaling" "^1.3.5"
    "@lumino/widgets" "^1.11.1"
    lodash.escape "^4.0.1"
    marked "^0.8.0"

"@jupyterlab/services@^5.2.5":
  version "5.2.5"
  resolved "https://registry.yarnpkg.com/@jupyterlab/services/-/services-5.2.5.tgz#528a16091ddbf6c445bb7f85168e9b02bcb386d8"
  dependencies:
    "@jupyterlab/coreutils" "^4.2.5"
    "@jupyterlab/nbformat" "^2.2.5"
    "@jupyterlab/observables" "^3.2.5"
    "@jupyterlab/settingregistry" "^2.2.5"
    "@jupyterlab/statedb" "^2.2.5"
    "@lumino/algorithm" "^1.2.3"
    "@lumino/coreutils" "^1.4.2"
    "@lumino/disposable" "^1.3.5"
    "@lumino/polling" "^1.1.1"
    "@lumino/signaling" "^1.3.5"
    node-fetch "^2.6.0"
    ws "^7.2.0"

"@jupyterlab/settingregistry@^2.2.5":
  version "2.2.5"
  resolved "https://registry.yarnpkg.com/@jupyterlab/settingregistry/-/settingregistry-2.2.5.tgz#665d2f5bfb601acd7020e2868f8bba1513d8c9cf"
  dependencies:
    "@jupyterlab/statedb" "^2.2.5"
    "@lumino/commands" "^1.10.1"
    "@lumino/coreutils" "^1.4.2"
    "@lumino/disposable" "^1.3.5"
    "@lumino/signaling" "^1.3.5"
    ajv "^6.10.2"
    json5 "^2.1.1"

"@jupyterlab/statedb@^2.2.5":
  version "2.2.5"
  resolved "https://registry.yarnpkg.com/@jupyterlab/statedb/-/statedb-2.2.5.tgz#2df5ff18d7417c342aa9651281860cabeffc8ee9"
  dependencies:
    "@lumino/commands" "^1.10.1"
    "@lumino/coreutils" "^1.4.2"
    "@lumino/disposable" "^1.3.5"
    "@lumino/properties" "^1.1.6"
    "@lumino/signaling" "^1.3.5"

"@jupyterlab/statusbar@^2.2.4":
  version "2.2.4"
  resolved "https://registry.yarnpkg.com/@jupyterlab/statusbar/-/statusbar-2.2.4.tgz#e998d93440879985b8e339da03d47271ac054618"
  dependencies:
    "@jupyterlab/apputils" "^2.2.6"
    "@jupyterlab/codeeditor" "^2.2.5"
    "@jupyterlab/coreutils" "^4.2.5"
    "@jupyterlab/services" "^5.2.5"
    "@jupyterlab/ui-components" "^2.2.4"
    "@lumino/algorithm" "^1.2.3"
    "@lumino/coreutils" "^1.4.2"
    "@lumino/disposable" "^1.3.5"
    "@lumino/messaging" "^1.3.3"
    "@lumino/polling" "^1.1.1"
    "@lumino/signaling" "^1.3.5"
    "@lumino/widgets" "^1.11.1"
    csstype "~2.6.9"
    react "~16.9.0"
    typestyle "^2.0.4"

"@jupyterlab/ui-components@^2.2.4":
  version "2.2.4"
  resolved "https://registry.yarnpkg.com/@jupyterlab/ui-components/-/ui-components-2.2.4.tgz#693b1fe48d3300de17a7b2b435ea85302cee8c6c"
  dependencies:
    "@blueprintjs/core" "^3.22.2"
    "@blueprintjs/select" "^3.11.2"
    "@jupyterlab/coreutils" "^4.2.5"
    "@lumino/coreutils" "^1.4.2"
    "@lumino/signaling" "^1.3.5"
    "@lumino/virtualdom" "^1.6.1"
    "@lumino/widgets" "^1.11.1"
    react "~16.9.0"
    react-dom "~16.9.0"
    typestyle "^2.0.4"

"@lumino/algorithm@^1.2.3", "@lumino/algorithm@^1.3.3":
  version "1.3.3"
  resolved "https://registry.yarnpkg.com/@lumino/algorithm/-/algorithm-1.3.3.tgz#fdf4daa407a1ce6f233e173add6a2dda0c99eef4"

"@lumino/application@^1.8.4":
  version "1.14.0"
  resolved "https://registry.yarnpkg.com/@lumino/application/-/application-1.14.0.tgz#5331defa0e71a882bee225d1bf07bd952a64f1ce"
  dependencies:
    "@lumino/commands" "^1.12.0"
    "@lumino/coreutils" "^1.5.3"
    "@lumino/widgets" "^1.17.0"

"@lumino/collections@^1.3.3":
  version "1.3.3"
  resolved "https://registry.yarnpkg.com/@lumino/collections/-/collections-1.3.3.tgz#fa95c826b93ee6e24b3c4b07c8f595312525f8cc"
  dependencies:
    "@lumino/algorithm" "^1.3.3"

"@lumino/commands@^1.10.1", "@lumino/commands@^1.12.0":
  version "1.12.0"
  resolved "https://registry.yarnpkg.com/@lumino/commands/-/commands-1.12.0.tgz#63a744d034d8bc524455e47f06c0ac5f2eb6ec38"
  dependencies:
    "@lumino/algorithm" "^1.3.3"
    "@lumino/coreutils" "^1.5.3"
    "@lumino/disposable" "^1.4.3"
    "@lumino/domutils" "^1.2.3"
    "@lumino/keyboard" "^1.2.3"
    "@lumino/signaling" "^1.4.3"
    "@lumino/virtualdom" "^1.8.0"

"@lumino/coreutils@^1.3.0", "@lumino/coreutils@^1.4.2", "@lumino/coreutils@^1.5.3":
  version "1.5.3"
  resolved "https://registry.yarnpkg.com/@lumino/coreutils/-/coreutils-1.5.3.tgz#89dd7b7f381642a1bf568910c5b62c7bde705d71"

"@lumino/disposable@^1.3.5", "@lumino/disposable@^1.4.3":
  version "1.4.3"
  resolved "https://registry.yarnpkg.com/@lumino/disposable/-/disposable-1.4.3.tgz#0a69b15cc5a1e506f93bb390ac44aae338da3c36"
  dependencies:
    "@lumino/algorithm" "^1.3.3"
    "@lumino/signaling" "^1.4.3"

"@lumino/domutils@^1.1.7", "@lumino/domutils@^1.2.3":
  version "1.2.3"
  resolved "https://registry.yarnpkg.com/@lumino/domutils/-/domutils-1.2.3.tgz#7e8e549a97624bfdbd4dd95ae4d1e30b87799822"

"@lumino/dragdrop@^1.5.1", "@lumino/dragdrop@^1.7.1":
  version "1.7.1"
  resolved "https://registry.yarnpkg.com/@lumino/dragdrop/-/dragdrop-1.7.1.tgz#1466206d43a64dadca383e0b9a87cc8a14c8c59b"
  dependencies:
    "@lumino/coreutils" "^1.5.3"
    "@lumino/disposable" "^1.4.3"

"@lumino/keyboard@^1.2.3":
  version "1.2.3"
  resolved "https://registry.yarnpkg.com/@lumino/keyboard/-/keyboard-1.2.3.tgz#594c73233636d85ed035b1a37a095acf956cfe8c"

"@lumino/messaging@^1.2.2", "@lumino/messaging@^1.3.3", "@lumino/messaging@^1.4.3":
  version "1.4.3"
  resolved "https://registry.yarnpkg.com/@lumino/messaging/-/messaging-1.4.3.tgz#75a1901f53086c7c0e978a63cb784eae5cc59f3f"
  dependencies:
    "@lumino/algorithm" "^1.3.3"
    "@lumino/collections" "^1.3.3"

"@lumino/polling@^1.1.1":
  version "1.3.3"
  resolved "https://registry.yarnpkg.com/@lumino/polling/-/polling-1.3.3.tgz#6336638cb9ba2f4f4c3ef2529c7f260abbd25148"
  dependencies:
    "@lumino/coreutils" "^1.5.3"
    "@lumino/disposable" "^1.4.3"
    "@lumino/signaling" "^1.4.3"

"@lumino/properties@^1.1.6", "@lumino/properties@^1.2.3":
  version "1.2.3"
  resolved "https://registry.yarnpkg.com/@lumino/properties/-/properties-1.2.3.tgz#10675e554e4a9dcc4022de01875fd51f33e2c785"

"@lumino/signaling@^1.3.5", "@lumino/signaling@^1.4.3":
  version "1.4.3"
  resolved "https://registry.yarnpkg.com/@lumino/signaling/-/signaling-1.4.3.tgz#d29f7f542fdcd70b91ca275d3ca793ae21cebf6a"
  dependencies:
    "@lumino/algorithm" "^1.3.3"

"@lumino/virtualdom@^1.6.1", "@lumino/virtualdom@^1.8.0":
  version "1.8.0"
  resolved "https://registry.yarnpkg.com/@lumino/virtualdom/-/virtualdom-1.8.0.tgz#42ea5778e3870e4961ea36697b28aab997c75fa6"
  dependencies:
    "@lumino/algorithm" "^1.3.3"

"@lumino/widgets@^1.11.1", "@lumino/widgets@^1.17.0", "@lumino/widgets@^1.6.0":
  version "1.17.0"
  resolved "https://registry.yarnpkg.com/@lumino/widgets/-/widgets-1.17.0.tgz#32e82042b99d2d3372b472c4c244f1ae12bc8f82"
  dependencies:
    "@lumino/algorithm" "^1.3.3"
    "@lumino/commands" "^1.12.0"
    "@lumino/coreutils" "^1.5.3"
    "@lumino/disposable" "^1.4.3"
    "@lumino/domutils" "^1.2.3"
    "@lumino/dragdrop" "^1.7.1"
    "@lumino/keyboard" "^1.2.3"
    "@lumino/messaging" "^1.4.3"
    "@lumino/properties" "^1.2.3"
    "@lumino/signaling" "^1.4.3"
    "@lumino/virtualdom" "^1.8.0"

"@types/dom4@^2.0.1":
  version "2.0.1"
  resolved "https://registry.yarnpkg.com/@types/dom4/-/dom4-2.0.1.tgz#506d5781b9bcab81bd9a878b198aec7dee2a6033"

"@types/prop-types@*":
  version "15.5.6"
  resolved "https://registry.yarnpkg.com/@types/prop-types/-/prop-types-15.5.6.tgz#9c03d3fed70a8d517c191b7734da2879b50ca26c"

"@types/react@~16.9.16":
  version "16.9.56"
  resolved "https://registry.yarnpkg.com/@types/react/-/react-16.9.56.tgz#ea25847b53c5bec064933095fc366b1462e2adf0"
  dependencies:
    "@types/prop-types" "*"
    csstype "^3.0.2"

ajv@^6.10.2:
  version "6.12.6"
  resolved "https://registry.yarnpkg.com/ajv/-/ajv-6.12.6.tgz#baf5a62e802b07d977034586f8c3baf5adf26df4"
  dependencies:
    fast-deep-equal "^3.1.1"
    fast-json-stable-stringify "^2.0.0"
    json-schema-traverse "^0.4.1"
    uri-js "^4.2.2"

ansi-styles@^3.2.1:
  version "3.2.1"
  resolved "https://registry.yarnpkg.com/ansi-styles/-/ansi-styles-3.2.1.tgz#41fbb20243e50b12be0f04b8dedbf07520ce841d"
  dependencies:
    color-convert "^1.9.0"

array-uniq@^1.0.2:
  version "1.0.3"
  resolved "https://registry.yarnpkg.com/array-uniq/-/array-uniq-1.0.3.tgz#af6ac877a25cc7f74e058894753858dfdb24fdb6"

balanced-match@^1.0.0:
  version "1.0.0"
  resolved "https://registry.yarnpkg.com/balanced-match/-/balanced-match-1.0.0.tgz#89b4d199ab2bee49de164ea02b89ce462d71b767"

brace-expansion@^1.1.7:
  version "1.1.11"
  resolved "https://registry.yarnpkg.com/brace-expansion/-/brace-expansion-1.1.11.tgz#3c7fcbf529d87226f3d2f52b966ff5271eb441dd"
  dependencies:
    balanced-match "^1.0.0"
    concat-map "0.0.1"

call-bind@^1.0.0:
  version "1.0.0"
  resolved "https://registry.yarnpkg.com/call-bind/-/call-bind-1.0.0.tgz#24127054bb3f9bdcb4b1fb82418186072f77b8ce"
  dependencies:
    function-bind "^1.1.1"
    get-intrinsic "^1.0.0"

chalk@^2.4.1:
  version "2.4.1"
  resolved "https://registry.yarnpkg.com/chalk/-/chalk-2.4.1.tgz#18c49ab16a037b6eb0152cc83e3471338215b66e"
  dependencies:
    ansi-styles "^3.2.1"
    escape-string-regexp "^1.0.5"
    supports-color "^5.3.0"

chalk@^2.4.2:
  version "2.4.2"
  resolved "https://registry.yarnpkg.com/chalk/-/chalk-2.4.2.tgz#cd42541677a54333cf541a49108c1432b44c9424"
  dependencies:
    ansi-styles "^3.2.1"
    escape-string-regexp "^1.0.5"
    supports-color "^5.3.0"

classnames@^2.2:
  version "2.2.6"
  resolved "https://registry.yarnpkg.com/classnames/-/classnames-2.2.6.tgz#43935bffdd291f326dad0a205309b38d00f650ce"

codemirror@~5.53.2:
  version "5.53.2"
  resolved "https://registry.yarnpkg.com/codemirror/-/codemirror-5.53.2.tgz#9799121cf8c50809cca487304e9de3a74d33f428"

color-convert@^1.9.0:
  version "1.9.3"
  resolved "https://registry.yarnpkg.com/color-convert/-/color-convert-1.9.3.tgz#bb71850690e1f136567de629d2d5471deda4c1e8"
  dependencies:
    color-name "1.1.3"

color-name@1.1.3:
  version "1.1.3"
  resolved "https://registry.yarnpkg.com/color-name/-/color-name-1.1.3.tgz#a7d0558bd89c42f795dd42328f740831ca53bc25"

concat-map@0.0.1:
  version "0.0.1"
  resolved "https://registry.yarnpkg.com/concat-map/-/concat-map-0.0.1.tgz#d8a96bd77fd68df7793a73036a3ba0d5405d477b"

create-react-context@^0.3.0:
  version "0.3.0"
  resolved "https://registry.yarnpkg.com/create-react-context/-/create-react-context-0.3.0.tgz#546dede9dc422def0d3fc2fe03afe0bc0f4f7d8c"
  dependencies:
    gud "^1.0.0"
    warning "^4.0.3"

csstype@2.6.9:
  version "2.6.9"
  resolved "https://registry.yarnpkg.com/csstype/-/csstype-2.6.9.tgz#05141d0cd557a56b8891394c1911c40c8a98d098"

csstype@^3.0.2:
  version "3.0.5"
  resolved "https://registry.yarnpkg.com/csstype/-/csstype-3.0.5.tgz#7fdec6a28a67ae18647c51668a9ff95bb2fa7bb8"

csstype@~2.6.9:
  version "2.6.14"
  resolved "https://registry.yarnpkg.com/csstype/-/csstype-2.6.14.tgz#004822a4050345b55ad4dcc00be1d9cf2f4296de"

deep-equal@^1.1.1:
  version "1.1.1"
  resolved "https://registry.yarnpkg.com/deep-equal/-/deep-equal-1.1.1.tgz#b5c98c942ceffaf7cb051e24e1434a25a2e6076a"
  dependencies:
    is-arguments "^1.0.4"
    is-date-object "^1.0.1"
    is-regex "^1.0.4"
    object-is "^1.0.1"
    object-keys "^1.1.1"
    regexp.prototype.flags "^1.2.0"

define-properties@^1.1.3:
  version "1.1.3"
  resolved "https://registry.yarnpkg.com/define-properties/-/define-properties-1.1.3.tgz#cf88da6cbee26fe6db7094f61d870cbd84cee9f1"
  dependencies:
    object-keys "^1.0.12"

dom-helpers@^3.4.0:
  version "3.4.0"
  resolved "https://registry.yarnpkg.com/dom-helpers/-/dom-helpers-3.4.0.tgz#e9b369700f959f62ecde5a6babde4bccd9169af8"
  dependencies:
    "@babel/runtime" "^7.1.2"

dom-serializer@0:
  version "0.1.0"
  resolved "https://registry.yarnpkg.com/dom-serializer/-/dom-serializer-0.1.0.tgz#073c697546ce0780ce23be4a28e293e40bc30c82"
  dependencies:
    domelementtype "~1.1.1"
    entities "~1.1.1"

dom4@^2.1.5:
  version "2.1.6"
  resolved "https://registry.yarnpkg.com/dom4/-/dom4-2.1.6.tgz#c90df07134aa0dbd81ed4d6ba1237b36fc164770"

domelementtype@1:
  version "1.2.1"
  resolved "https://registry.yarnpkg.com/domelementtype/-/domelementtype-1.2.1.tgz#578558ef23befac043a1abb0db07635509393479"

domelementtype@^1.3.1:
  version "1.3.1"
  resolved "https://registry.yarnpkg.com/domelementtype/-/domelementtype-1.3.1.tgz#d048c44b37b0d10a7f2a3d5fee3f4333d790481f"

domelementtype@~1.1.1:
  version "1.1.3"
  resolved "https://registry.npmjs.org/domelementtype/-/domelementtype-1.1.3.tgz#bd28773e2642881aec51544924299c5cd822185b"

domhandler@^2.3.0:
  version "2.4.2"
  resolved "https://registry.yarnpkg.com/domhandler/-/domhandler-2.4.2.tgz#8805097e933d65e85546f726d60f5eb88b44f803"
  dependencies:
    domelementtype "1"

domutils@^1.5.1:
  version "1.7.0"
  resolved "https://registry.yarnpkg.com/domutils/-/domutils-1.7.0.tgz#56ea341e834e06e6748af7a1cb25da67ea9f8c2a"
  dependencies:
    dom-serializer "0"
    domelementtype "1"

entities@^1.1.1, entities@~1.1.1:
  version "1.1.2"
  resolved "https://registry.yarnpkg.com/entities/-/entities-1.1.2.tgz#bdfa735299664dfafd34529ed4f8522a275fea56"

es-abstract@^1.17.0-next.1:
  version "1.17.7"
  resolved "https://registry.yarnpkg.com/es-abstract/-/es-abstract-1.17.7.tgz#a4de61b2f66989fc7421676c1cb9787573ace54c"
  dependencies:
    es-to-primitive "^1.2.1"
    function-bind "^1.1.1"
    has "^1.0.3"
    has-symbols "^1.0.1"
    is-callable "^1.2.2"
    is-regex "^1.1.1"
    object-inspect "^1.8.0"
    object-keys "^1.1.1"
    object.assign "^4.1.1"
    string.prototype.trimend "^1.0.1"
    string.prototype.trimstart "^1.0.1"

es-to-primitive@^1.2.1:
  version "1.2.1"
  resolved "https://registry.yarnpkg.com/es-to-primitive/-/es-to-primitive-1.2.1.tgz#e55cd4c9cdc188bcefb03b366c736323fc5c898a"
  dependencies:
    is-callable "^1.1.4"
    is-date-object "^1.0.1"
    is-symbol "^1.0.2"

escape-string-regexp@^1.0.5:
  version "1.0.5"
  resolved "https://registry.yarnpkg.com/escape-string-regexp/-/escape-string-regexp-1.0.5.tgz#1b61c0562190a8dff6ae3bb2cf0200ca130b86d4"

fast-deep-equal@^3.1.1:
  version "3.1.3"
  resolved "https://registry.yarnpkg.com/fast-deep-equal/-/fast-deep-equal-3.1.3.tgz#3a7d56b559d6cbc3eb512325244e619a65c6c525"

fast-json-stable-stringify@^2.0.0:
  version "2.1.0"
  resolved "https://registry.yarnpkg.com/fast-json-stable-stringify/-/fast-json-stable-stringify-2.1.0.tgz#874bf69c6f404c2b5d99c481341399fd55892633"

free-style@3.1.0:
  version "3.1.0"
  resolved "https://registry.yarnpkg.com/free-style/-/free-style-3.1.0.tgz#4e2996029534e6b1731611d843437b9e2f473f08"

fs.realpath@^1.0.0:
  version "1.0.0"
  resolved "https://registry.yarnpkg.com/fs.realpath/-/fs.realpath-1.0.0.tgz#1504ad2523158caa40db4a2787cb01411994ea4f"

function-bind@^1.1.1:
  version "1.1.1"
  resolved "https://registry.yarnpkg.com/function-bind/-/function-bind-1.1.1.tgz#a56899d3ea3c9bab874bb9773b7c5ede92f4895d"

get-intrinsic@^1.0.0:
  version "1.0.2"
  resolved "https://registry.yarnpkg.com/get-intrinsic/-/get-intrinsic-1.0.2.tgz#6820da226e50b24894e08859469dc68361545d49"
  dependencies:
    function-bind "^1.1.1"
    has "^1.0.3"
    has-symbols "^1.0.1"

glob@^7.1.3:
  version "7.1.6"
  resolved "https://registry.yarnpkg.com/glob/-/glob-7.1.6.tgz#141f33b81a7c2492e125594307480c46679278a6"
  dependencies:
    fs.realpath "^1.0.0"
    inflight "^1.0.4"
    inherits "2"
    minimatch "^3.0.4"
    once "^1.3.0"
    path-is-absolute "^1.0.0"

gud@^1.0.0:
  version "1.0.0"
  resolved "https://registry.yarnpkg.com/gud/-/gud-1.0.0.tgz#a489581b17e6a70beca9abe3ae57de7a499852c0"

has-flag@^3.0.0:
  version "3.0.0"
  resolved "https://registry.yarnpkg.com/has-flag/-/has-flag-3.0.0.tgz#b5d454dc2199ae225699f3467e5a07f3b955bafd"

has-symbols@^1.0.1:
  version "1.0.1"
  resolved "https://registry.yarnpkg.com/has-symbols/-/has-symbols-1.0.1.tgz#9f5214758a44196c406d9bd76cebf81ec2dd31e8"

has@^1.0.3:
  version "1.0.3"
  resolved "https://registry.yarnpkg.com/has/-/has-1.0.3.tgz#722d7cbfc1f6aa8241f16dd814e011e1f41e8796"
  dependencies:
    function-bind "^1.1.1"

htmlparser2@^3.10.0:
  version "3.10.1"
  resolved "https://registry.yarnpkg.com/htmlparser2/-/htmlparser2-3.10.1.tgz#bd679dc3f59897b6a34bb10749c855bb53a9392f"
  dependencies:
    domelementtype "^1.3.1"
    domhandler "^2.3.0"
    domutils "^1.5.1"
    entities "^1.1.1"
    inherits "^2.0.1"
    readable-stream "^3.1.1"

inflight@^1.0.4:
  version "1.0.6"
  resolved "https://registry.yarnpkg.com/inflight/-/inflight-1.0.6.tgz#49bd6331d7d02d0c09bc910a1075ba8165b56df9"
  dependencies:
    once "^1.3.0"
    wrappy "1"

inherits@2, inherits@^2.0.1, inherits@^2.0.3:
  version "2.0.3"
  resolved "https://registry.yarnpkg.com/inherits/-/inherits-2.0.3.tgz#633c2c83e3da42a502f52466022480f4208261de"

is-arguments@^1.0.4:
  version "1.1.0"
  resolved "https://registry.yarnpkg.com/is-arguments/-/is-arguments-1.1.0.tgz#62353031dfbee07ceb34656a6bde59efecae8dd9"
  dependencies:
    call-bind "^1.0.0"

is-callable@^1.1.4, is-callable@^1.2.2:
  version "1.2.2"
  resolved "https://registry.yarnpkg.com/is-callable/-/is-callable-1.2.2.tgz#c7c6715cd22d4ddb48d3e19970223aceabb080d9"

is-date-object@^1.0.1:
  version "1.0.2"
  resolved "https://registry.yarnpkg.com/is-date-object/-/is-date-object-1.0.2.tgz#bda736f2cd8fd06d32844e7743bfa7494c3bfd7e"

is-regex@^1.0.4, is-regex@^1.1.1:
  version "1.1.1"
  resolved "https://registry.yarnpkg.com/is-regex/-/is-regex-1.1.1.tgz#c6f98aacc546f6cec5468a07b7b153ab564a57b9"
  dependencies:
    has-symbols "^1.0.1"

is-symbol@^1.0.2:
  version "1.0.3"
  resolved "https://registry.yarnpkg.com/is-symbol/-/is-symbol-1.0.3.tgz#38e1014b9e6329be0de9d24a414fd7441ec61937"
  dependencies:
    has-symbols "^1.0.1"

"js-tokens@^3.0.0 || ^4.0.0":
  version "4.0.0"
  resolved "https://registry.yarnpkg.com/js-tokens/-/js-tokens-4.0.0.tgz#19203fb59991df98e3a287050d4647cdeaf32499"

json-schema-traverse@^0.4.1:
  version "0.4.1"
  resolved "https://registry.yarnpkg.com/json-schema-traverse/-/json-schema-traverse-0.4.1.tgz#69f6a87d9513ab8bb8fe63bdb0979c448e684660"

json5@^2.1.1:
  version "2.1.3"
  resolved "https://registry.yarnpkg.com/json5/-/json5-2.1.3.tgz#c9b0f7fa9233bfe5807fe66fcf3a5617ed597d43"
  dependencies:
    minimist "^1.2.5"

lodash.clonedeep@^4.5.0:
  version "4.5.0"
  resolved "https://registry.yarnpkg.com/lodash.clonedeep/-/lodash.clonedeep-4.5.0.tgz#e23f3f9c4f8fbdde872529c1071857a086e5ccef"

lodash.escape@^4.0.1:
  version "4.0.1"
  resolved "https://registry.yarnpkg.com/lodash.escape/-/lodash.escape-4.0.1.tgz#c9044690c21e04294beaa517712fded1fa88de98"

lodash.escaperegexp@^4.1.2:
  version "4.1.2"
  resolved "https://registry.yarnpkg.com/lodash.escaperegexp/-/lodash.escaperegexp-4.1.2.tgz#64762c48618082518ac3df4ccf5d5886dae20347"

lodash.isplainobject@^4.0.6:
  version "4.0.6"
  resolved "https://registry.yarnpkg.com/lodash.isplainobject/-/lodash.isplainobject-4.0.6.tgz#7c526a52d89b45c45cc690b88163be0497f550cb"

lodash.isstring@^4.0.1:
  version "4.0.1"
  resolved "https://registry.yarnpkg.com/lodash.isstring/-/lodash.isstring-4.0.1.tgz#d527dfb5456eca7cc9bb95d5daeaf88ba54a5451"

lodash.mergewith@^4.6.1:
  version "4.6.2"
  resolved "https://registry.yarnpkg.com/lodash.mergewith/-/lodash.mergewith-4.6.2.tgz#617121f89ac55f59047c7aec1ccd6654c6590f55"

loose-envify@^1.0.0, loose-envify@^1.1.0, loose-envify@^1.4.0:
  version "1.4.0"
  resolved "https://registry.yarnpkg.com/loose-envify/-/loose-envify-1.4.0.tgz#71ee51fa7be4caec1a63839f7e682d8132d30caf"
  dependencies:
    js-tokens "^3.0.0 || ^4.0.0"

marked@^0.8.0:
  version "0.8.2"
  resolved "https://registry.yarnpkg.com/marked/-/marked-0.8.2.tgz#4faad28d26ede351a7a1aaa5fec67915c869e355"

minimatch@^3.0.4:
  version "3.0.4"
  resolved "https://registry.yarnpkg.com/minimatch/-/minimatch-3.0.4.tgz#5166e286457f03306064be5497e8dbb0c3d32083"
  dependencies:
    brace-expansion "^1.1.7"

minimist@^1.2.5, minimist@~1.2.0:
  version "1.2.5"
  resolved "https://registry.yarnpkg.com/minimist/-/minimist-1.2.5.tgz#67d66014b66a6a8aaa0c083c5fd58df4e4e97602"

moment@^2.24.0:
  version "2.29.1"
  resolved "https://registry.yarnpkg.com/moment/-/moment-2.29.1.tgz#b2be769fa31940be9eeea6469c075e35006fa3d3"

node-fetch@^2.6.0:
  version "2.6.1"
  resolved "https://registry.yarnpkg.com/node-fetch/-/node-fetch-2.6.1.tgz#045bd323631f76ed2e2b55573394416b639a0052"

normalize.css@^8.0.1:
  version "8.0.1"
  resolved "https://registry.yarnpkg.com/normalize.css/-/normalize.css-8.0.1.tgz#9b98a208738b9cc2634caacbc42d131c97487bf3"

number-is-nan@^1.0.0:
  version "1.0.1"
  resolved "https://registry.yarnpkg.com/number-is-nan/-/number-is-nan-1.0.1.tgz#097b602b53422a522c1afb8790318336941a011d"

object-assign@^4.1.1:
  version "4.1.1"
  resolved "https://registry.yarnpkg.com/object-assign/-/object-assign-4.1.1.tgz#2109adc7965887cfc05cbbd442cac8bfbb360863"

object-inspect@^1.8.0:
  version "1.9.0"
  resolved "https://registry.yarnpkg.com/object-inspect/-/object-inspect-1.9.0.tgz#c90521d74e1127b67266ded3394ad6116986533a"

object-is@^1.0.1:
  version "1.1.4"
  resolved "https://registry.yarnpkg.com/object-is/-/object-is-1.1.4.tgz#63d6c83c00a43f4cbc9434eb9757c8a5b8565068"
  dependencies:
    call-bind "^1.0.0"
    define-properties "^1.1.3"

object-keys@^1.0.12, object-keys@^1.1.1:
  version "1.1.1"
  resolved "https://registry.yarnpkg.com/object-keys/-/object-keys-1.1.1.tgz#1c47f272df277f3b1daf061677d9c82e2322c60e"

object.assign@^4.1.1:
  version "4.1.2"
  resolved "https://registry.yarnpkg.com/object.assign/-/object.assign-4.1.2.tgz#0ed54a342eceb37b38ff76eb831a0e788cb63940"
  dependencies:
    call-bind "^1.0.0"
    define-properties "^1.1.3"
    has-symbols "^1.0.1"
    object-keys "^1.1.1"

once@^1.3.0:
  version "1.4.0"
  resolved "https://registry.yarnpkg.com/once/-/once-1.4.0.tgz#583b1aa775961d4b113ac17d9c50baef9dd76bd1"
  dependencies:
    wrappy "1"

path-is-absolute@^1.0.0:
  version "1.0.1"
  resolved "https://registry.npmjs.org/path-is-absolute/-/path-is-absolute-1.0.1.tgz#174b9268735534ffbc7ace6bf53a5a9e1b5c5f5f"

path-posix@~1.0.0:
  version "1.0.0"
  resolved "https://registry.yarnpkg.com/path-posix/-/path-posix-1.0.0.tgz#06b26113f56beab042545a23bfa88003ccac260f"

popper.js@^1.14.4, popper.js@^1.16.1:
  version "1.16.1"
  resolved "https://registry.yarnpkg.com/popper.js/-/popper.js-1.16.1.tgz#2a223cb3dc7b6213d740e40372be40de43e65b1b"

postcss@^7.0.5:
  version "7.0.35"
  resolved "https://registry.yarnpkg.com/postcss/-/postcss-7.0.35.tgz#d2be00b998f7f211d8a276974079f2e92b970e24"
  dependencies:
    chalk "^2.4.2"
    source-map "^0.6.1"
    supports-color "^6.1.0"

prop-types@^15.6.1, prop-types@^15.6.2:
  version "15.7.2"
  resolved "https://registry.yarnpkg.com/prop-types/-/prop-types-15.7.2.tgz#52c41e75b8c87e72b9d9360e0206b99dcbffa6c5"
  dependencies:
    loose-envify "^1.4.0"
    object-assign "^4.1.1"
    react-is "^16.8.1"

punycode@^2.1.0:
  version "2.1.1"
  resolved "https://registry.yarnpkg.com/punycode/-/punycode-2.1.1.tgz#b58b010ac40c22c5657616c8d2c2c02c7bf479ec"

querystringify@^2.1.1:
  version "2.2.0"
  resolved "https://registry.yarnpkg.com/querystringify/-/querystringify-2.2.0.tgz#3345941b4153cb9d082d8eee4cda2016a9aef7f6"

react-dom@~16.9.0:
  version "16.9.0"
  resolved "https://registry.yarnpkg.com/react-dom/-/react-dom-16.9.0.tgz#5e65527a5e26f22ae3701131bcccaee9fb0d3962"
  dependencies:
    loose-envify "^1.1.0"
    object-assign "^4.1.1"
    prop-types "^15.6.2"
    scheduler "^0.15.0"

react-is@^16.8.1:
  version "16.13.1"
  resolved "https://registry.yarnpkg.com/react-is/-/react-is-16.13.1.tgz#789729a4dc36de2999dc156dd6c1d9c18cea56a4"

react-lifecycles-compat@^3.0.4:
  version "3.0.4"
  resolved "https://registry.yarnpkg.com/react-lifecycles-compat/-/react-lifecycles-compat-3.0.4.tgz#4f1a273afdfc8f3488a8c516bfda78f872352362"

react-popper@^1.3.7:
  version "1.3.7"
  resolved "https://registry.yarnpkg.com/react-popper/-/react-popper-1.3.7.tgz#f6a3471362ef1f0d10a4963673789de1baca2324"
  dependencies:
    "@babel/runtime" "^7.1.2"
    create-react-context "^0.3.0"
    deep-equal "^1.1.1"
    popper.js "^1.14.4"
    prop-types "^15.6.1"
    typed-styles "^0.0.7"
    warning "^4.0.2"

react-transition-group@^2.9.0:
  version "2.9.0"
  resolved "https://registry.yarnpkg.com/react-transition-group/-/react-transition-group-2.9.0.tgz#df9cdb025796211151a436c69a8f3b97b5b07c8d"
  dependencies:
    dom-helpers "^3.4.0"
    loose-envify "^1.4.0"
    prop-types "^15.6.2"
    react-lifecycles-compat "^3.0.4"

react@~16.9.0:
  version "16.9.0"
  resolved "https://registry.yarnpkg.com/react/-/react-16.9.0.tgz#40ba2f9af13bc1a38d75dbf2f4359a5185c4f7aa"
  dependencies:
    loose-envify "^1.1.0"
    object-assign "^4.1.1"
    prop-types "^15.6.2"

readable-stream@^3.1.1:
  version "3.6.0"
  resolved "https://registry.yarnpkg.com/readable-stream/-/readable-stream-3.6.0.tgz#337bbda3adc0706bd3e024426a286d4b4b2c9198"
  dependencies:
    inherits "^2.0.3"
    string_decoder "^1.1.1"
    util-deprecate "^1.0.1"

regenerator-runtime@^0.13.4:
  version "0.13.7"
  resolved "https://registry.yarnpkg.com/regenerator-runtime/-/regenerator-runtime-0.13.7.tgz#cac2dacc8a1ea675feaabaeb8ae833898ae46f55"

regexp.prototype.flags@^1.2.0:
  version "1.3.0"
  resolved "https://registry.yarnpkg.com/regexp.prototype.flags/-/regexp.prototype.flags-1.3.0.tgz#7aba89b3c13a64509dabcf3ca8d9fbb9bdf5cb75"
  dependencies:
    define-properties "^1.1.3"
    es-abstract "^1.17.0-next.1"

requires-port@^1.0.0:
  version "1.0.0"
  resolved "https://registry.yarnpkg.com/requires-port/-/requires-port-1.0.0.tgz#925d2601d39ac485e091cf0da5c6e694dc3dcaff"

resize-observer-polyfill@^1.5.1:
  version "1.5.1"
  resolved "https://registry.yarnpkg.com/resize-observer-polyfill/-/resize-observer-polyfill-1.5.1.tgz#0e9020dd3d21024458d4ebd27e23e40269810464"

rimraf@^3.0.0:
  version "3.0.2"
  resolved "https://registry.yarnpkg.com/rimraf/-/rimraf-3.0.2.tgz#f1a5402ba6220ad52cc1282bac1ae3aa49fd061a"
  dependencies:
    glob "^7.1.3"

safe-buffer@~5.1.0:
  version "5.1.2"
  resolved "https://registry.yarnpkg.com/safe-buffer/-/safe-buffer-5.1.2.tgz#991ec69d296e0313747d59bdfd2b745c35f8828d"

sanitize-html@~1.20.1:
  version "1.20.1"
  resolved "https://registry.yarnpkg.com/sanitize-html/-/sanitize-html-1.20.1.tgz#f6effdf55dd398807171215a62bfc21811bacf85"
  dependencies:
    chalk "^2.4.1"
    htmlparser2 "^3.10.0"
    lodash.clonedeep "^4.5.0"
    lodash.escaperegexp "^4.1.2"
    lodash.isplainobject "^4.0.6"
    lodash.isstring "^4.0.1"
    lodash.mergewith "^4.6.1"
    postcss "^7.0.5"
    srcset "^1.0.0"
    xtend "^4.0.1"

scheduler@^0.15.0:
  version "0.15.0"
  resolved "https://registry.yarnpkg.com/scheduler/-/scheduler-0.15.0.tgz#6bfcf80ff850b280fed4aeecc6513bc0b4f17f8e"
  dependencies:
    loose-envify "^1.1.0"
    object-assign "^4.1.1"

source-map@^0.6.1:
  version "0.6.1"
  resolved "https://registry.yarnpkg.com/source-map/-/source-map-0.6.1.tgz#74722af32e9614e9c287a8d0bbde48b5e2f1a263"

srcset@^1.0.0:
  version "1.0.0"
  resolved "https://registry.yarnpkg.com/srcset/-/srcset-1.0.0.tgz#a5669de12b42f3b1d5e83ed03c71046fc48f41ef"
  dependencies:
    array-uniq "^1.0.2"
    number-is-nan "^1.0.0"

string.prototype.trimend@^1.0.1:
  version "1.0.3"
  resolved "https://registry.yarnpkg.com/string.prototype.trimend/-/string.prototype.trimend-1.0.3.tgz#a22bd53cca5c7cf44d7c9d5c732118873d6cd18b"
  dependencies:
    call-bind "^1.0.0"
    define-properties "^1.1.3"

string.prototype.trimstart@^1.0.1:
  version "1.0.3"
  resolved "https://registry.yarnpkg.com/string.prototype.trimstart/-/string.prototype.trimstart-1.0.3.tgz#9b4cb590e123bb36564401d59824298de50fd5aa"
  dependencies:
    call-bind "^1.0.0"
    define-properties "^1.1.3"

string_decoder@^1.1.1:
  version "1.2.0"
  resolved "https://registry.yarnpkg.com/string_decoder/-/string_decoder-1.2.0.tgz#fe86e738b19544afe70469243b2a1ee9240eae8d"
  dependencies:
    safe-buffer "~5.1.0"

supports-color@^5.3.0:
  version "5.5.0"
  resolved "https://registry.yarnpkg.com/supports-color/-/supports-color-5.5.0.tgz#e2e69a44ac8772f78a1ec0b35b689df6530efc8f"
  dependencies:
    has-flag "^3.0.0"

supports-color@^6.1.0:
  version "6.1.0"
  resolved "https://registry.yarnpkg.com/supports-color/-/supports-color-6.1.0.tgz#0764abc69c63d5ac842dd4867e8d025e880df8f3"
  dependencies:
    has-flag "^3.0.0"

tslib@~1.13.0:
  version "1.13.0"
  resolved "https://registry.yarnpkg.com/tslib/-/tslib-1.13.0.tgz#c881e13cc7015894ed914862d276436fa9a47043"

typed-styles@^0.0.7:
  version "0.0.7"
  resolved "https://registry.yarnpkg.com/typed-styles/-/typed-styles-0.0.7.tgz#93392a008794c4595119ff62dde6809dbc40a3d9"

typescript@~3.7.3:
  version "3.7.5"
  resolved "https://registry.yarnpkg.com/typescript/-/typescript-3.7.5.tgz#0692e21f65fd4108b9330238aac11dd2e177a1ae"

typestyle@^2.0.4:
  version "2.1.0"
  resolved "https://registry.yarnpkg.com/typestyle/-/typestyle-2.1.0.tgz#7c5cc567de72cd8bfb686813150b92791aaa7636"
  dependencies:
    csstype "2.6.9"
    free-style "3.1.0"

uri-js@^4.2.2:
  version "4.4.0"
  resolved "https://registry.yarnpkg.com/uri-js/-/uri-js-4.4.0.tgz#aa714261de793e8a82347a7bcc9ce74e86f28602"
  dependencies:
    punycode "^2.1.0"

url-parse@~1.4.7:
  version "1.4.7"
  resolved "https://registry.yarnpkg.com/url-parse/-/url-parse-1.4.7.tgz#a8a83535e8c00a316e403a5db4ac1b9b853ae278"
  dependencies:
    querystringify "^2.1.1"
    requires-port "^1.0.0"

util-deprecate@^1.0.1:
  version "1.0.2"
  resolved "https://registry.yarnpkg.com/util-deprecate/-/util-deprecate-1.0.2.tgz#450d4dc9fa70de732762fbd2d4a28981419a0ccf"

warning@^4.0.2, warning@^4.0.3:
  version "4.0.3"
  resolved "https://registry.yarnpkg.com/warning/-/warning-4.0.3.tgz#16e9e077eb8a86d6af7d64aa1e05fd85b4678ca3"
  dependencies:
    loose-envify "^1.0.0"

wrappy@1:
  version "1.0.2"
  resolved "https://registry.yarnpkg.com/wrappy/-/wrappy-1.0.2.tgz#b5243d8f3ec1aa35f1364605bc0d1036e30ab69f"

ws@^7.2.0:
  version "7.4.1"
  resolved "https://registry.yarnpkg.com/ws/-/ws-7.4.1.tgz#a333be02696bd0e54cea0434e21dcc8a9ac294bb"

xtend@^4.0.1:
  version "4.0.2"
  resolved "https://registry.yarnpkg.com/xtend/-/xtend-4.0.2.tgz#bb72779f5fa465186b1f438f674fa347fdb5db54"
